// !$*UTF8*$!
{
	archiveVersion = 1;
	classes = {
	};
	objectVersion = 48;
	objects = {

/* Begin PBXBuildFile section */
		38A45F8C2056190C00D2450F /* DetailedBetViewController.swift in Sources */ = {isa = PBXBuildFile; fileRef = 38A45F8B2056190C00D2450F /* DetailedBetViewController.swift */; };
		3B18814220A4DB0700FE80F6 /* AtomicInteger.swift in Sources */ = {isa = PBXBuildFile; fileRef = 3B18814120A4DB0700FE80F6 /* AtomicInteger.swift */; };
		3B18814420A6381900FE80F6 /* Reachability.swift in Sources */ = {isa = PBXBuildFile; fileRef = 3B18814320A6381800FE80F6 /* Reachability.swift */; };
		3B2836192037CE9B001FBEFC /* HomePageViewController.swift in Sources */ = {isa = PBXBuildFile; fileRef = 3B2836182037CE9B001FBEFC /* HomePageViewController.swift */; };
		3B28361B2037D882001FBEFC /* UserEventsTableViewController.swift in Sources */ = {isa = PBXBuildFile; fileRef = 3B28361A2037D882001FBEFC /* UserEventsTableViewController.swift */; };
		3B28361D2037D895001FBEFC /* ActiveEventsTableViewController.swift in Sources */ = {isa = PBXBuildFile; fileRef = 3B28361C2037D895001FBEFC /* ActiveEventsTableViewController.swift */; };
		3B28361F2037D8A3001FBEFC /* LeaderboardTableViewController.swift in Sources */ = {isa = PBXBuildFile; fileRef = 3B28361E2037D8A3001FBEFC /* LeaderboardTableViewController.swift */; };
		3B2836212037D955001FBEFC /* TestData.swift in Sources */ = {isa = PBXBuildFile; fileRef = 3B2836202037D955001FBEFC /* TestData.swift */; };
		3B2836242037D9C4001FBEFC /* AppTheme.swift in Sources */ = {isa = PBXBuildFile; fileRef = 3B2836232037D9C4001FBEFC /* AppTheme.swift */; };
		3B28362A2037E1E6001FBEFC /* ModelConstants.swift in Sources */ = {isa = PBXBuildFile; fileRef = 3B2836292037E1E6001FBEFC /* ModelConstants.swift */; };
		3B28362C2037E51A001FBEFC /* DatabaseService.swift in Sources */ = {isa = PBXBuildFile; fileRef = 3B28362B2037E51A001FBEFC /* DatabaseService.swift */; };
		3B3F06372038FAF7000FE334 /* UserEventCell.swift in Sources */ = {isa = PBXBuildFile; fileRef = 3B3F06362038FAF7000FE334 /* UserEventCell.swift */; };
		3B3F06392038FB15000FE334 /* LeaderboardCell.swift in Sources */ = {isa = PBXBuildFile; fileRef = 3B3F06382038FB15000FE334 /* LeaderboardCell.swift */; };
		3B5D04FD2093BB0600F4A313 /* CoreDataManager.swift in Sources */ = {isa = PBXBuildFile; fileRef = 3B5D04FC2093BB0600F4A313 /* CoreDataManager.swift */; };
		3B61D0172054C11A006A3BD4 /* KeychainItemAccessibility.swift in Sources */ = {isa = PBXBuildFile; fileRef = 3B61D0152054C11A006A3BD4 /* KeychainItemAccessibility.swift */; };
		3B61D0182054C11A006A3BD4 /* KeychainWrapper.swift in Sources */ = {isa = PBXBuildFile; fileRef = 3B61D0162054C11A006A3BD4 /* KeychainWrapper.swift */; };
		3B737A942092707900373AF3 /* AutoLoginViewController.swift in Sources */ = {isa = PBXBuildFile; fileRef = 3B737A932092707900373AF3 /* AutoLoginViewController.swift */; };
		3B8CC2BB209417DD002374AF /* LoginPageViewController.swift in Sources */ = {isa = PBXBuildFile; fileRef = 3B8CC2BA209417DD002374AF /* LoginPageViewController.swift */; };
		3B8E02932052620100830D16 /* Just.swift in Sources */ = {isa = PBXBuildFile; fileRef = 3B8E02922052620100830D16 /* Just.swift */; };
		3BAE4BCA207FDDC200DF1B42 /* DataModel.xcdatamodeld in Sources */ = {isa = PBXBuildFile; fileRef = 3BAE4BC8207FDDC200DF1B42 /* DataModel.xcdatamodeld */; };
		3BD05B222039237D008AE7C5 /* StoryboardConstants.swift in Sources */ = {isa = PBXBuildFile; fileRef = 3BD05B212039237D008AE7C5 /* StoryboardConstants.swift */; };
		3BD05B2620392AF9008AE7C5 /* SessionState.swift in Sources */ = {isa = PBXBuildFile; fileRef = 3BD05B2520392AF9008AE7C5 /* SessionState.swift */; };
		3BEAF8062036B5CA00398079 /* ActiveEventCell.swift in Sources */ = {isa = PBXBuildFile; fileRef = 3BEAF8052036B5CA00398079 /* ActiveEventCell.swift */; };
		3BFC8DEA20A3BA7200E62B6F /* SocialScreenViewController.swift in Sources */ = {isa = PBXBuildFile; fileRef = 3BFC8DE920A3BA7200E62B6F /* SocialScreenViewController.swift */; };
		3BFC8DEF20A3C47800E62B6F /* DashboardScreenViewController.swift in Sources */ = {isa = PBXBuildFile; fileRef = 3BFC8DEE20A3C47800E62B6F /* DashboardScreenViewController.swift */; };
		3BFC8DF120A3C48C00E62B6F /* ExploreScreenViewController.swift in Sources */ = {isa = PBXBuildFile; fileRef = 3BFC8DF020A3C48C00E62B6F /* ExploreScreenViewController.swift */; };
		3BFC8DF320A3CAAC00E62B6F /* ParentExploreViewController.swift in Sources */ = {isa = PBXBuildFile; fileRef = 3BFC8DF220A3CAAC00E62B6F /* ParentExploreViewController.swift */; };
		3BFC8DF520A3CFDC00E62B6F /* CategoryScreenViewController.swift in Sources */ = {isa = PBXBuildFile; fileRef = 3BFC8DF420A3CFDC00E62B6F /* CategoryScreenViewController.swift */; };
		6575250C20984EE000191441 /* ExploreEventsCollectionViewController.swift in Sources */ = {isa = PBXBuildFile; fileRef = 6575250B20984EE000191441 /* ExploreEventsCollectionViewController.swift */; };
		6575250E20984F0E00191441 /* ExploreEventCollectionViewCell.swift in Sources */ = {isa = PBXBuildFile; fileRef = 6575250D20984F0E00191441 /* ExploreEventCollectionViewCell.swift */; };
		B33E89A61ED67A3B00E5A503 /* AppDelegate.swift in Sources */ = {isa = PBXBuildFile; fileRef = B33E89A51ED67A3B00E5A503 /* AppDelegate.swift */; };
		B33E89AB1ED67A3B00E5A503 /* Main.storyboard in Resources */ = {isa = PBXBuildFile; fileRef = B33E89A91ED67A3B00E5A503 /* Main.storyboard */; };
		B33E89AD1ED67A3B00E5A503 /* Assets.xcassets in Resources */ = {isa = PBXBuildFile; fileRef = B33E89AC1ED67A3B00E5A503 /* Assets.xcassets */; };
		B33E89B01ED67A3B00E5A503 /* LaunchScreen.storyboard in Resources */ = {isa = PBXBuildFile; fileRef = B33E89AE1ED67A3B00E5A503 /* LaunchScreen.storyboard */; };
		B33E8A101ED869E500E5A503 /* MenuViewController.swift in Sources */ = {isa = PBXBuildFile; fileRef = B33E8A0F1ED869E500E5A503 /* MenuViewController.swift */; };
		F1488B80E4257EFD6CD6853B /* Pods_LynxApp.framework in Frameworks */ = {isa = PBXBuildFile; fileRef = CAB59BE8EB481B278036A661 /* Pods_LynxApp.framework */; };
/* End PBXBuildFile section */

/* Begin PBXFileReference section */
		31F3D26816E459EB7157654A /* Pods-LynxApp.release.xcconfig */ = {isa = PBXFileReference; includeInIndex = 1; lastKnownFileType = text.xcconfig; name = "Pods-LynxApp.release.xcconfig"; path = "Pods/Target Support Files/Pods-LynxApp/Pods-LynxApp.release.xcconfig"; sourceTree = "<group>"; };
		38A45F8B2056190C00D2450F /* DetailedBetViewController.swift */ = {isa = PBXFileReference; fileEncoding = 4; lastKnownFileType = sourcecode.swift; path = DetailedBetViewController.swift; sourceTree = "<group>"; };
		3B18814120A4DB0700FE80F6 /* AtomicInteger.swift */ = {isa = PBXFileReference; lastKnownFileType = sourcecode.swift; path = AtomicInteger.swift; sourceTree = "<group>"; };
		3B18814320A6381800FE80F6 /* Reachability.swift */ = {isa = PBXFileReference; fileEncoding = 4; lastKnownFileType = sourcecode.swift; path = Reachability.swift; sourceTree = "<group>"; };
		3B2836182037CE9B001FBEFC /* HomePageViewController.swift */ = {isa = PBXFileReference; lastKnownFileType = sourcecode.swift; path = HomePageViewController.swift; sourceTree = "<group>"; };
		3B28361A2037D882001FBEFC /* UserEventsTableViewController.swift */ = {isa = PBXFileReference; lastKnownFileType = sourcecode.swift; path = UserEventsTableViewController.swift; sourceTree = "<group>"; };
		3B28361C2037D895001FBEFC /* ActiveEventsTableViewController.swift */ = {isa = PBXFileReference; lastKnownFileType = sourcecode.swift; path = ActiveEventsTableViewController.swift; sourceTree = "<group>"; };
		3B28361E2037D8A3001FBEFC /* LeaderboardTableViewController.swift */ = {isa = PBXFileReference; lastKnownFileType = sourcecode.swift; path = LeaderboardTableViewController.swift; sourceTree = "<group>"; };
		3B2836202037D955001FBEFC /* TestData.swift */ = {isa = PBXFileReference; lastKnownFileType = sourcecode.swift; path = TestData.swift; sourceTree = "<group>"; };
		3B2836232037D9C4001FBEFC /* AppTheme.swift */ = {isa = PBXFileReference; lastKnownFileType = sourcecode.swift; path = AppTheme.swift; sourceTree = "<group>"; };
		3B2836292037E1E6001FBEFC /* ModelConstants.swift */ = {isa = PBXFileReference; lastKnownFileType = sourcecode.swift; path = ModelConstants.swift; sourceTree = "<group>"; };
		3B28362B2037E51A001FBEFC /* DatabaseService.swift */ = {isa = PBXFileReference; lastKnownFileType = sourcecode.swift; path = DatabaseService.swift; sourceTree = "<group>"; };
		3B3F06362038FAF7000FE334 /* UserEventCell.swift */ = {isa = PBXFileReference; lastKnownFileType = sourcecode.swift; path = UserEventCell.swift; sourceTree = "<group>"; };
		3B3F06382038FB15000FE334 /* LeaderboardCell.swift */ = {isa = PBXFileReference; lastKnownFileType = sourcecode.swift; path = LeaderboardCell.swift; sourceTree = "<group>"; };
		3B5D04FC2093BB0600F4A313 /* CoreDataManager.swift */ = {isa = PBXFileReference; lastKnownFileType = sourcecode.swift; path = CoreDataManager.swift; sourceTree = "<group>"; };
		3B61D0152054C11A006A3BD4 /* KeychainItemAccessibility.swift */ = {isa = PBXFileReference; fileEncoding = 4; lastKnownFileType = sourcecode.swift; path = KeychainItemAccessibility.swift; sourceTree = "<group>"; };
		3B61D0162054C11A006A3BD4 /* KeychainWrapper.swift */ = {isa = PBXFileReference; fileEncoding = 4; lastKnownFileType = sourcecode.swift; path = KeychainWrapper.swift; sourceTree = "<group>"; };
		3B737A932092707900373AF3 /* AutoLoginViewController.swift */ = {isa = PBXFileReference; lastKnownFileType = sourcecode.swift; path = AutoLoginViewController.swift; sourceTree = "<group>"; };
		3B737A95209276E800373AF3 /* LynxApp.entitlements */ = {isa = PBXFileReference; lastKnownFileType = text.plist.entitlements; path = LynxApp.entitlements; sourceTree = "<group>"; };
		3B8CC2BA209417DD002374AF /* LoginPageViewController.swift */ = {isa = PBXFileReference; lastKnownFileType = sourcecode.swift; path = LoginPageViewController.swift; sourceTree = "<group>"; };
		3B8E02922052620100830D16 /* Just.swift */ = {isa = PBXFileReference; fileEncoding = 4; lastKnownFileType = sourcecode.swift; path = Just.swift; sourceTree = "<group>"; };
		3BAE4BC9207FDDC200DF1B42 /* DataModel.xcdatamodel */ = {isa = PBXFileReference; lastKnownFileType = wrapper.xcdatamodel; path = DataModel.xcdatamodel; sourceTree = "<group>"; };
		3BD05B212039237D008AE7C5 /* StoryboardConstants.swift */ = {isa = PBXFileReference; lastKnownFileType = sourcecode.swift; path = StoryboardConstants.swift; sourceTree = "<group>"; };
		3BD05B2520392AF9008AE7C5 /* SessionState.swift */ = {isa = PBXFileReference; lastKnownFileType = sourcecode.swift; path = SessionState.swift; sourceTree = "<group>"; };
		3BEAF8052036B5CA00398079 /* ActiveEventCell.swift */ = {isa = PBXFileReference; lastKnownFileType = sourcecode.swift; path = ActiveEventCell.swift; sourceTree = "<group>"; };
		3BFC8DE920A3BA7200E62B6F /* SocialScreenViewController.swift */ = {isa = PBXFileReference; lastKnownFileType = sourcecode.swift; path = SocialScreenViewController.swift; sourceTree = "<group>"; };
		3BFC8DEE20A3C47800E62B6F /* DashboardScreenViewController.swift */ = {isa = PBXFileReference; lastKnownFileType = sourcecode.swift; path = DashboardScreenViewController.swift; sourceTree = "<group>"; };
		3BFC8DF020A3C48C00E62B6F /* ExploreScreenViewController.swift */ = {isa = PBXFileReference; lastKnownFileType = sourcecode.swift; path = ExploreScreenViewController.swift; sourceTree = "<group>"; };
		3BFC8DF220A3CAAC00E62B6F /* ParentExploreViewController.swift */ = {isa = PBXFileReference; lastKnownFileType = sourcecode.swift; path = ParentExploreViewController.swift; sourceTree = "<group>"; };
		3BFC8DF420A3CFDC00E62B6F /* CategoryScreenViewController.swift */ = {isa = PBXFileReference; lastKnownFileType = sourcecode.swift; path = CategoryScreenViewController.swift; sourceTree = "<group>"; };
		6450F7173278311FE0E889DF /* Pods-LynxApp.debug.xcconfig */ = {isa = PBXFileReference; includeInIndex = 1; lastKnownFileType = text.xcconfig; name = "Pods-LynxApp.debug.xcconfig"; path = "Pods/Target Support Files/Pods-LynxApp/Pods-LynxApp.debug.xcconfig"; sourceTree = "<group>"; };
		6575250B20984EE000191441 /* ExploreEventsCollectionViewController.swift */ = {isa = PBXFileReference; lastKnownFileType = sourcecode.swift; path = ExploreEventsCollectionViewController.swift; sourceTree = "<group>"; };
		6575250D20984F0E00191441 /* ExploreEventCollectionViewCell.swift */ = {isa = PBXFileReference; lastKnownFileType = sourcecode.swift; path = ExploreEventCollectionViewCell.swift; sourceTree = "<group>"; };
		B33E89A21ED67A3B00E5A503 /* LynxApp.app */ = {isa = PBXFileReference; explicitFileType = wrapper.application; includeInIndex = 0; path = LynxApp.app; sourceTree = BUILT_PRODUCTS_DIR; };
		B33E89A51ED67A3B00E5A503 /* AppDelegate.swift */ = {isa = PBXFileReference; lastKnownFileType = sourcecode.swift; path = AppDelegate.swift; sourceTree = "<group>"; };
		B33E89AA1ED67A3B00E5A503 /* Base */ = {isa = PBXFileReference; lastKnownFileType = file.storyboard; name = Base; path = Base.lproj/Main.storyboard; sourceTree = "<group>"; };
		B33E89AC1ED67A3B00E5A503 /* Assets.xcassets */ = {isa = PBXFileReference; lastKnownFileType = folder.assetcatalog; path = Assets.xcassets; sourceTree = "<group>"; };
		B33E89AF1ED67A3B00E5A503 /* Base */ = {isa = PBXFileReference; lastKnownFileType = file.storyboard; name = Base; path = Base.lproj/LaunchScreen.storyboard; sourceTree = "<group>"; };
		B33E89B11ED67A3B00E5A503 /* Info.plist */ = {isa = PBXFileReference; lastKnownFileType = text.plist.xml; path = Info.plist; sourceTree = "<group>"; };
		B33E8A0F1ED869E500E5A503 /* MenuViewController.swift */ = {isa = PBXFileReference; fileEncoding = 4; lastKnownFileType = sourcecode.swift; path = MenuViewController.swift; sourceTree = "<group>"; };
		B34118591ED92DDF00512902 /* ar */ = {isa = PBXFileReference; lastKnownFileType = text.plist.strings; name = ar; path = ar.lproj/Main.strings; sourceTree = "<group>"; };
		B341185A1ED92DDF00512902 /* ar */ = {isa = PBXFileReference; lastKnownFileType = text.plist.strings; name = ar; path = ar.lproj/LaunchScreen.strings; sourceTree = "<group>"; };
		CAB59BE8EB481B278036A661 /* Pods_LynxApp.framework */ = {isa = PBXFileReference; explicitFileType = wrapper.framework; includeInIndex = 0; path = Pods_LynxApp.framework; sourceTree = BUILT_PRODUCTS_DIR; };
/* End PBXFileReference section */

/* Begin PBXFrameworksBuildPhase section */
		B33E899F1ED67A3B00E5A503 /* Frameworks */ = {
			isa = PBXFrameworksBuildPhase;
			buildActionMask = 2147483647;
			files = (
				F1488B80E4257EFD6CD6853B /* Pods_LynxApp.framework in Frameworks */,
			);
			runOnlyForDeploymentPostprocessing = 0;
		};
/* End PBXFrameworksBuildPhase section */

/* Begin PBXGroup section */
		05E8C55ABE14FA995FB400AF /* Pods */ = {
			isa = PBXGroup;
			children = (
				6450F7173278311FE0E889DF /* Pods-LynxApp.debug.xcconfig */,
				31F3D26816E459EB7157654A /* Pods-LynxApp.release.xcconfig */,
			);
			name = Pods;
			sourceTree = "<group>";
		};
		11C057163CF8B0DFE50A11AE /* Frameworks */ = {
			isa = PBXGroup;
			children = (
				CAB59BE8EB481B278036A661 /* Pods_LynxApp.framework */,
			);
			name = Frameworks;
			sourceTree = "<group>";
		};
		3B28360B2037618B001FBEFC /* Controller */ = {
			isa = PBXGroup;
			children = (
				3B28361320376280001FBEFC /* Home */,
				3B28360E203761D6001FBEFC /* Log in */,
				3BD05B212039237D008AE7C5 /* StoryboardConstants.swift */,
			);
			path = Controller;
			sourceTree = "<group>";
		};
		3B28360C203761A2001FBEFC /* Model */ = {
			isa = PBXGroup;
			children = (
				3B61D0152054C11A006A3BD4 /* KeychainItemAccessibility.swift */,
				3B61D0162054C11A006A3BD4 /* KeychainWrapper.swift */,
				3B18814320A6381800FE80F6 /* Reachability.swift */,
				B33E89A51ED67A3B00E5A503 /* AppDelegate.swift */,
				3B2836202037D955001FBEFC /* TestData.swift */,
				3B8E02922052620100830D16 /* Just.swift */,
				3B2836292037E1E6001FBEFC /* ModelConstants.swift */,
				3B28362B2037E51A001FBEFC /* DatabaseService.swift */,
				3BD05B2520392AF9008AE7C5 /* SessionState.swift */,
				3BAE4BC8207FDDC200DF1B42 /* DataModel.xcdatamodeld */,
				3B5D04FC2093BB0600F4A313 /* CoreDataManager.swift */,
				3B18814120A4DB0700FE80F6 /* AtomicInteger.swift */,
			);
			path = Model;
			sourceTree = "<group>";
		};
		3B28360E203761D6001FBEFC /* Log in */ = {
			isa = PBXGroup;
			children = (
				3B737A932092707900373AF3 /* AutoLoginViewController.swift */,
				3B8CC2BA209417DD002374AF /* LoginPageViewController.swift */,
			);
			path = "Log in";
			sourceTree = "<group>";
		};
		3B28361320376280001FBEFC /* Home */ = {
			isa = PBXGroup;
			children = (
				B33E8A0F1ED869E500E5A503 /* MenuViewController.swift */,
				3B2836182037CE9B001FBEFC /* HomePageViewController.swift */,
				3B3F063A2038FB25000FE334 /* Submenus */,
			);
			path = Home;
			sourceTree = "<group>";
		};
		3B2836222037D965001FBEFC /* View */ = {
			isa = PBXGroup;
			children = (
				B33E89A91ED67A3B00E5A503 /* Main.storyboard */,
				3B2836232037D9C4001FBEFC /* AppTheme.swift */,
			);
			path = View;
			sourceTree = "<group>";
		};
		3B3F063A2038FB25000FE334 /* Submenus */ = {
			isa = PBXGroup;
			children = (
				3BFC8DEB20A3C40400E62B6F /* Explore */,
				3BFC8DEC20A3C41B00E62B6F /* Dashboard */,
				3BFC8DED20A3C42F00E62B6F /* Social */,
			);
			path = Submenus;
			sourceTree = "<group>";
		};
		3BEAF8072036B5E800398079 /* Supporting Files */ = {
			isa = PBXGroup;
			children = (
				B33E89AC1ED67A3B00E5A503 /* Assets.xcassets */,
				B33E89AE1ED67A3B00E5A503 /* LaunchScreen.storyboard */,
			);
			path = "Supporting Files";
			sourceTree = "<group>";
		};
		3BFC8DEB20A3C40400E62B6F /* Explore */ = {
			isa = PBXGroup;
			children = (
				6575250B20984EE000191441 /* ExploreEventsCollectionViewController.swift */,
				6575250D20984F0E00191441 /* ExploreEventCollectionViewCell.swift */,
				38A45F8B2056190C00D2450F /* DetailedBetViewController.swift */,
				3B28361C2037D895001FBEFC /* ActiveEventsTableViewController.swift */,
				3BEAF8052036B5CA00398079 /* ActiveEventCell.swift */,
				3BFC8DF020A3C48C00E62B6F /* ExploreScreenViewController.swift */,
				3BFC8DF220A3CAAC00E62B6F /* ParentExploreViewController.swift */,
				3BFC8DF420A3CFDC00E62B6F /* CategoryScreenViewController.swift */,
			);
			path = Explore;
			sourceTree = "<group>";
		};
		3BFC8DEC20A3C41B00E62B6F /* Dashboard */ = {
			isa = PBXGroup;
			children = (
				3B28361A2037D882001FBEFC /* UserEventsTableViewController.swift */,
				3B3F06362038FAF7000FE334 /* UserEventCell.swift */,
				3BFC8DEE20A3C47800E62B6F /* DashboardScreenViewController.swift */,
			);
			path = Dashboard;
			sourceTree = "<group>";
		};
		3BFC8DED20A3C42F00E62B6F /* Social */ = {
			isa = PBXGroup;
			children = (
				3B28361E2037D8A3001FBEFC /* LeaderboardTableViewController.swift */,
				3B3F06382038FB15000FE334 /* LeaderboardCell.swift */,
				3BFC8DE920A3BA7200E62B6F /* SocialScreenViewController.swift */,
			);
			path = Social;
			sourceTree = "<group>";
		};
		B33E89991ED67A3B00E5A503 = {
			isa = PBXGroup;
			children = (
				B33E89A41ED67A3B00E5A503 /* LynxApp */,
				B33E89A31ED67A3B00E5A503 /* Products */,
				05E8C55ABE14FA995FB400AF /* Pods */,
				11C057163CF8B0DFE50A11AE /* Frameworks */,
			);
			sourceTree = "<group>";
		};
		B33E89A31ED67A3B00E5A503 /* Products */ = {
			isa = PBXGroup;
			children = (
				B33E89A21ED67A3B00E5A503 /* LynxApp.app */,
			);
			name = Products;
			sourceTree = "<group>";
		};
		B33E89A41ED67A3B00E5A503 /* LynxApp */ = {
			isa = PBXGroup;
			children = (
				3B737A95209276E800373AF3 /* LynxApp.entitlements */,
				3B28360C203761A2001FBEFC /* Model */,
				3B2836222037D965001FBEFC /* View */,
				3B28360B2037618B001FBEFC /* Controller */,
				3BEAF8072036B5E800398079 /* Supporting Files */,
				B33E89B11ED67A3B00E5A503 /* Info.plist */,
			);
			path = LynxApp;
			sourceTree = "<group>";
		};
/* End PBXGroup section */

/* Begin PBXNativeTarget section */
		B33E89A11ED67A3B00E5A503 /* LynxApp */ = {
			isa = PBXNativeTarget;
			buildConfigurationList = B33E89CA1ED67A3B00E5A503 /* Build configuration list for PBXNativeTarget "LynxApp" */;
			buildPhases = (
				A65670524A57AC79F9D37FDA /* [CP] Check Pods Manifest.lock */,
				B33E899E1ED67A3B00E5A503 /* Sources */,
				B33E899F1ED67A3B00E5A503 /* Frameworks */,
				B33E89A01ED67A3B00E5A503 /* Resources */,
				31ADCDE0E09F210ABE6BD99B /* [CP] Embed Pods Frameworks */,
				836A2B22D5FBA18F14C0BE9E /* [CP] Copy Pods Resources */,
			);
			buildRules = (
			);
			dependencies = (
			);
			name = LynxApp;
			productName = Menu;
			productReference = B33E89A21ED67A3B00E5A503 /* LynxApp.app */;
			productType = "com.apple.product-type.application";
		};
/* End PBXNativeTarget section */

/* Begin PBXProject section */
		B33E899A1ED67A3B00E5A503 /* Project object */ = {
			isa = PBXProject;
			attributes = {
				LastSwiftUpdateCheck = 0830;
				LastUpgradeCheck = 0830;
				ORGANIZATIONNAME = "Colin Dolese";
				TargetAttributes = {
					B33E89A11ED67A3B00E5A503 = {
						CreatedOnToolsVersion = 8.3.2;
						ProvisioningStyle = Automatic;
						SystemCapabilities = {
							com.apple.BackgroundModes = {
								enabled = 1;
							};
							com.apple.Keychain = {
								enabled = 1;
							};
						};
					};
				};
			};
			buildConfigurationList = B33E899D1ED67A3B00E5A503 /* Build configuration list for PBXProject "LynxApp" */;
			compatibilityVersion = "Xcode 8.0";
			developmentRegion = English;
			hasScannedForEncodings = 0;
			knownRegions = (
				en,
				Base,
			);
			mainGroup = B33E89991ED67A3B00E5A503;
			productRefGroup = B33E89A31ED67A3B00E5A503 /* Products */;
			projectDirPath = "";
			projectRoot = "";
			targets = (
				B33E89A11ED67A3B00E5A503 /* LynxApp */,
			);
		};
/* End PBXProject section */

/* Begin PBXResourcesBuildPhase section */
		B33E89A01ED67A3B00E5A503 /* Resources */ = {
			isa = PBXResourcesBuildPhase;
			buildActionMask = 2147483647;
			files = (
				B33E89B01ED67A3B00E5A503 /* LaunchScreen.storyboard in Resources */,
				B33E89AD1ED67A3B00E5A503 /* Assets.xcassets in Resources */,
				B33E89AB1ED67A3B00E5A503 /* Main.storyboard in Resources */,
			);
			runOnlyForDeploymentPostprocessing = 0;
		};
/* End PBXResourcesBuildPhase section */

/* Begin PBXShellScriptBuildPhase section */
		31ADCDE0E09F210ABE6BD99B /* [CP] Embed Pods Frameworks */ = {
			isa = PBXShellScriptBuildPhase;
			buildActionMask = 2147483647;
			files = (
			);
			inputPaths = (
				"${SRCROOT}/Pods/Target Support Files/Pods-LynxApp/Pods-LynxApp-frameworks.sh",
				"${BUILT_PRODUCTS_DIR}/Bolts/Bolts.framework",
				"${BUILT_PRODUCTS_DIR}/FBSDKCoreKit/FBSDKCoreKit.framework",
				"${BUILT_PRODUCTS_DIR}/FBSDKLoginKit/FBSDKLoginKit.framework",
				"${BUILT_PRODUCTS_DIR}/FBSDKShareKit/FBSDKShareKit.framework",
				"${BUILT_PRODUCTS_DIR}/FacebookCore/FacebookCore.framework",
				"${BUILT_PRODUCTS_DIR}/FacebookLogin/FacebookLogin.framework",
				"${BUILT_PRODUCTS_DIR}/FacebookShare/FacebookShare.framework",
			);
			name = "[CP] Embed Pods Frameworks";
			outputPaths = (
				"${TARGET_BUILD_DIR}/${FRAMEWORKS_FOLDER_PATH}/Bolts.framework",
				"${TARGET_BUILD_DIR}/${FRAMEWORKS_FOLDER_PATH}/FBSDKCoreKit.framework",
				"${TARGET_BUILD_DIR}/${FRAMEWORKS_FOLDER_PATH}/FBSDKLoginKit.framework",
				"${TARGET_BUILD_DIR}/${FRAMEWORKS_FOLDER_PATH}/FBSDKShareKit.framework",
				"${TARGET_BUILD_DIR}/${FRAMEWORKS_FOLDER_PATH}/FacebookCore.framework",
				"${TARGET_BUILD_DIR}/${FRAMEWORKS_FOLDER_PATH}/FacebookLogin.framework",
				"${TARGET_BUILD_DIR}/${FRAMEWORKS_FOLDER_PATH}/FacebookShare.framework",
			);
			runOnlyForDeploymentPostprocessing = 0;
			shellPath = /bin/sh;
			shellScript = "\"${SRCROOT}/Pods/Target Support Files/Pods-LynxApp/Pods-LynxApp-frameworks.sh\"\n";
			showEnvVarsInLog = 0;
		};
		836A2B22D5FBA18F14C0BE9E /* [CP] Copy Pods Resources */ = {
			isa = PBXShellScriptBuildPhase;
			buildActionMask = 2147483647;
			files = (
			);
			inputPaths = (
			);
			name = "[CP] Copy Pods Resources";
			outputPaths = (
			);
			runOnlyForDeploymentPostprocessing = 0;
			shellPath = /bin/sh;
			shellScript = "\"${SRCROOT}/Pods/Target Support Files/Pods-LynxApp/Pods-LynxApp-resources.sh\"\n";
			showEnvVarsInLog = 0;
		};
		A65670524A57AC79F9D37FDA /* [CP] Check Pods Manifest.lock */ = {
			isa = PBXShellScriptBuildPhase;
			buildActionMask = 2147483647;
			files = (
			);
			inputPaths = (
				"${PODS_PODFILE_DIR_PATH}/Podfile.lock",
				"${PODS_ROOT}/Manifest.lock",
			);
			name = "[CP] Check Pods Manifest.lock";
			outputPaths = (
				"$(DERIVED_FILE_DIR)/Pods-LynxApp-checkManifestLockResult.txt",
			);
			runOnlyForDeploymentPostprocessing = 0;
			shellPath = /bin/sh;
			shellScript = "diff \"${PODS_PODFILE_DIR_PATH}/Podfile.lock\" \"${PODS_ROOT}/Manifest.lock\" > /dev/null\nif [ $? != 0 ] ; then\n    # print error to STDERR\n    echo \"error: The sandbox is not in sync with the Podfile.lock. Run 'pod install' or update your CocoaPods installation.\" >&2\n    exit 1\nfi\n# This output is used by Xcode 'outputs' to avoid re-running this script phase.\necho \"SUCCESS\" > \"${SCRIPT_OUTPUT_FILE_0}\"\n";
			showEnvVarsInLog = 0;
		};
/* End PBXShellScriptBuildPhase section */

/* Begin PBXSourcesBuildPhase section */
		B33E899E1ED67A3B00E5A503 /* Sources */ = {
			isa = PBXSourcesBuildPhase;
			buildActionMask = 2147483647;
			files = (
				3B61D0172054C11A006A3BD4 /* KeychainItemAccessibility.swift in Sources */,
				B33E8A101ED869E500E5A503 /* MenuViewController.swift in Sources */,
				3B3F06392038FB15000FE334 /* LeaderboardCell.swift in Sources */,
				6575250E20984F0E00191441 /* ExploreEventCollectionViewCell.swift in Sources */,
				3B2836212037D955001FBEFC /* TestData.swift in Sources */,
				3B61D0182054C11A006A3BD4 /* KeychainWrapper.swift in Sources */,
				3B28361F2037D8A3001FBEFC /* LeaderboardTableViewController.swift in Sources */,
				3BEAF8062036B5CA00398079 /* ActiveEventCell.swift in Sources */,
				3BFC8DEA20A3BA7200E62B6F /* SocialScreenViewController.swift in Sources */,
				3B8CC2BB209417DD002374AF /* LoginPageViewController.swift in Sources */,
				3B5D04FD2093BB0600F4A313 /* CoreDataManager.swift in Sources */,
				3BD05B2620392AF9008AE7C5 /* SessionState.swift in Sources */,
				3B28362A2037E1E6001FBEFC /* ModelConstants.swift in Sources */,
				3B2836192037CE9B001FBEFC /* HomePageViewController.swift in Sources */,
				3B18814220A4DB0700FE80F6 /* AtomicInteger.swift in Sources */,
				3B28362C2037E51A001FBEFC /* DatabaseService.swift in Sources */,
				6575250C20984EE000191441 /* ExploreEventsCollectionViewController.swift in Sources */,
				3B28361D2037D895001FBEFC /* ActiveEventsTableViewController.swift in Sources */,
				3BD05B222039237D008AE7C5 /* StoryboardConstants.swift in Sources */,
				3BFC8DF120A3C48C00E62B6F /* ExploreScreenViewController.swift in Sources */,
				B33E89A61ED67A3B00E5A503 /* AppDelegate.swift in Sources */,
				3BFC8DEF20A3C47800E62B6F /* DashboardScreenViewController.swift in Sources */,
				38A45F8C2056190C00D2450F /* DetailedBetViewController.swift in Sources */,
				3BAE4BCA207FDDC200DF1B42 /* DataModel.xcdatamodeld in Sources */,
				3B3F06372038FAF7000FE334 /* UserEventCell.swift in Sources */,
				3BFC8DF520A3CFDC00E62B6F /* CategoryScreenViewController.swift in Sources */,
				3B2836242037D9C4001FBEFC /* AppTheme.swift in Sources */,
				3BFC8DF320A3CAAC00E62B6F /* ParentExploreViewController.swift in Sources */,
				3B28361B2037D882001FBEFC /* UserEventsTableViewController.swift in Sources */,
				3B8E02932052620100830D16 /* Just.swift in Sources */,
				3B18814420A6381900FE80F6 /* Reachability.swift in Sources */,
				3B737A942092707900373AF3 /* AutoLoginViewController.swift in Sources */,
			);
			runOnlyForDeploymentPostprocessing = 0;
		};
/* End PBXSourcesBuildPhase section */

/* Begin PBXVariantGroup section */
		B33E89A91ED67A3B00E5A503 /* Main.storyboard */ = {
			isa = PBXVariantGroup;
			children = (
				B33E89AA1ED67A3B00E5A503 /* Base */,
				B34118591ED92DDF00512902 /* ar */,
			);
			name = Main.storyboard;
			sourceTree = "<group>";
		};
		B33E89AE1ED67A3B00E5A503 /* LaunchScreen.storyboard */ = {
			isa = PBXVariantGroup;
			children = (
				B33E89AF1ED67A3B00E5A503 /* Base */,
				B341185A1ED92DDF00512902 /* ar */,
			);
			name = LaunchScreen.storyboard;
			sourceTree = "<group>";
		};
/* End PBXVariantGroup section */

/* Begin XCBuildConfiguration section */
		B33E89C81ED67A3B00E5A503 /* Debug */ = {
			isa = XCBuildConfiguration;
			buildSettings = {
				ALWAYS_SEARCH_USER_PATHS = NO;
				CLANG_ANALYZER_LOCALIZABILITY_NONLOCALIZED = YES;
				CLANG_ANALYZER_NONNULL = YES;
				CLANG_ANALYZER_NUMBER_OBJECT_CONVERSION = YES_AGGRESSIVE;
				CLANG_CXX_LANGUAGE_STANDARD = "gnu++0x";
				CLANG_CXX_LIBRARY = "libc++";
				CLANG_ENABLE_MODULES = YES;
				CLANG_ENABLE_OBJC_ARC = YES;
				CLANG_WARN_BOOL_CONVERSION = YES;
				CLANG_WARN_CONSTANT_CONVERSION = YES;
				CLANG_WARN_DIRECT_OBJC_ISA_USAGE = YES_ERROR;
				CLANG_WARN_DOCUMENTATION_COMMENTS = YES;
				CLANG_WARN_EMPTY_BODY = YES;
				CLANG_WARN_ENUM_CONVERSION = YES;
				CLANG_WARN_INFINITE_RECURSION = YES;
				CLANG_WARN_INT_CONVERSION = YES;
				CLANG_WARN_OBJC_ROOT_CLASS = YES_ERROR;
				CLANG_WARN_SUSPICIOUS_MOVE = YES;
				CLANG_WARN_UNREACHABLE_CODE = YES;
				CLANG_WARN__DUPLICATE_METHOD_MATCH = YES;
				"CODE_SIGN_IDENTITY[sdk=iphoneos*]" = "iPhone Developer";
				COPY_PHASE_STRIP = NO;
				DEBUG_INFORMATION_FORMAT = dwarf;
				ENABLE_STRICT_OBJC_MSGSEND = YES;
				ENABLE_TESTABILITY = YES;
				GCC_C_LANGUAGE_STANDARD = gnu99;
				GCC_DYNAMIC_NO_PIC = NO;
				GCC_NO_COMMON_BLOCKS = YES;
				GCC_OPTIMIZATION_LEVEL = 0;
				GCC_PREPROCESSOR_DEFINITIONS = (
					"DEBUG=1",
					"$(inherited)",
				);
				GCC_WARN_64_TO_32_BIT_CONVERSION = YES;
				GCC_WARN_ABOUT_RETURN_TYPE = YES_ERROR;
				GCC_WARN_UNDECLARED_SELECTOR = YES;
				GCC_WARN_UNINITIALIZED_AUTOS = YES_AGGRESSIVE;
				GCC_WARN_UNUSED_FUNCTION = YES;
				GCC_WARN_UNUSED_VARIABLE = YES;
				IPHONEOS_DEPLOYMENT_TARGET = 10.0;
				MTL_ENABLE_DEBUG_INFO = YES;
				ONLY_ACTIVE_ARCH = YES;
				SDKROOT = iphoneos;
				SWIFT_ACTIVE_COMPILATION_CONDITIONS = DEBUG;
				SWIFT_OPTIMIZATION_LEVEL = "-Onone";
			};
			name = Debug;
		};
		B33E89C91ED67A3B00E5A503 /* Release */ = {
			isa = XCBuildConfiguration;
			buildSettings = {
				ALWAYS_SEARCH_USER_PATHS = NO;
				CLANG_ANALYZER_LOCALIZABILITY_NONLOCALIZED = YES;
				CLANG_ANALYZER_NONNULL = YES;
				CLANG_ANALYZER_NUMBER_OBJECT_CONVERSION = YES_AGGRESSIVE;
				CLANG_CXX_LANGUAGE_STANDARD = "gnu++0x";
				CLANG_CXX_LIBRARY = "libc++";
				CLANG_ENABLE_MODULES = YES;
				CLANG_ENABLE_OBJC_ARC = YES;
				CLANG_WARN_BOOL_CONVERSION = YES;
				CLANG_WARN_CONSTANT_CONVERSION = YES;
				CLANG_WARN_DIRECT_OBJC_ISA_USAGE = YES_ERROR;
				CLANG_WARN_DOCUMENTATION_COMMENTS = YES;
				CLANG_WARN_EMPTY_BODY = YES;
				CLANG_WARN_ENUM_CONVERSION = YES;
				CLANG_WARN_INFINITE_RECURSION = YES;
				CLANG_WARN_INT_CONVERSION = YES;
				CLANG_WARN_OBJC_ROOT_CLASS = YES_ERROR;
				CLANG_WARN_SUSPICIOUS_MOVE = YES;
				CLANG_WARN_UNREACHABLE_CODE = YES;
				CLANG_WARN__DUPLICATE_METHOD_MATCH = YES;
				"CODE_SIGN_IDENTITY[sdk=iphoneos*]" = "iPhone Developer";
				COPY_PHASE_STRIP = NO;
				DEBUG_INFORMATION_FORMAT = "dwarf-with-dsym";
				ENABLE_NS_ASSERTIONS = NO;
				ENABLE_STRICT_OBJC_MSGSEND = YES;
				GCC_C_LANGUAGE_STANDARD = gnu99;
				GCC_NO_COMMON_BLOCKS = YES;
				GCC_WARN_64_TO_32_BIT_CONVERSION = YES;
				GCC_WARN_ABOUT_RETURN_TYPE = YES_ERROR;
				GCC_WARN_UNDECLARED_SELECTOR = YES;
				GCC_WARN_UNINITIALIZED_AUTOS = YES_AGGRESSIVE;
				GCC_WARN_UNUSED_FUNCTION = YES;
				GCC_WARN_UNUSED_VARIABLE = YES;
				IPHONEOS_DEPLOYMENT_TARGET = 10.0;
				MTL_ENABLE_DEBUG_INFO = NO;
				SDKROOT = iphoneos;
				SWIFT_OPTIMIZATION_LEVEL = "-Owholemodule";
				VALIDATE_PRODUCT = YES;
			};
			name = Release;
		};
		B33E89CB1ED67A3B00E5A503 /* Debug */ = {
			isa = XCBuildConfiguration;
			baseConfigurationReference = 6450F7173278311FE0E889DF /* Pods-LynxApp.debug.xcconfig */;
			buildSettings = {
				ASSETCATALOG_COMPILER_APPICON_NAME = AppIcon;
				CODE_SIGN_ENTITLEMENTS = LynxApp/LynxApp.entitlements;
				DEVELOPMENT_TEAM = CR83RUC9S8;
				INFOPLIST_FILE = "$(SRCROOT)/LynxApp/Info.plist";
				IPHONEOS_DEPLOYMENT_TARGET = 10.0;
				LD_RUNPATH_SEARCH_PATHS = "$(inherited) @executable_path/Frameworks";
				PRODUCT_BUNDLE_IDENTIFIER = com.stanford.foresight;
				PRODUCT_NAME = "$(TARGET_NAME)";
				SWIFT_VERSION = 3.0;
			};
			name = Debug;
		};
		B33E89CC1ED67A3B00E5A503 /* Release */ = {
			isa = XCBuildConfiguration;
			baseConfigurationReference = 31F3D26816E459EB7157654A /* Pods-LynxApp.release.xcconfig */;
			buildSettings = {
				ASSETCATALOG_COMPILER_APPICON_NAME = AppIcon;
				CODE_SIGN_ENTITLEMENTS = LynxApp/LynxApp.entitlements;
				DEVELOPMENT_TEAM = CR83RUC9S8;
				INFOPLIST_FILE = "$(SRCROOT)/LynxApp/Info.plist";
				IPHONEOS_DEPLOYMENT_TARGET = 10.0;
				LD_RUNPATH_SEARCH_PATHS = "$(inherited) @executable_path/Frameworks";
				PRODUCT_BUNDLE_IDENTIFIER = com.stanford.foresight;
				PRODUCT_NAME = "$(TARGET_NAME)";
				SWIFT_VERSION = 3.0;
			};
			name = Release;
		};
/* End XCBuildConfiguration section */

/* Begin XCConfigurationList section */
		B33E899D1ED67A3B00E5A503 /* Build configuration list for PBXProject "LynxApp" */ = {
			isa = XCConfigurationList;
			buildConfigurations = (
				B33E89C81ED67A3B00E5A503 /* Debug */,
				B33E89C91ED67A3B00E5A503 /* Release */,
			);
			defaultConfigurationIsVisible = 0;
			defaultConfigurationName = Release;
		};
		B33E89CA1ED67A3B00E5A503 /* Build configuration list for PBXNativeTarget "LynxApp" */ = {
			isa = XCConfigurationList;
			buildConfigurations = (
				B33E89CB1ED67A3B00E5A503 /* Debug */,
				B33E89CC1ED67A3B00E5A503 /* Release */,
			);
			defaultConfigurationIsVisible = 0;
			defaultConfigurationName = Release;
		};
/* End XCConfigurationList section */

/* Begin XCVersionGroup section */
		3BAE4BC8207FDDC200DF1B42 /* DataModel.xcdatamodeld */ = {
			isa = XCVersionGroup;
			children = (
				3BAE4BC9207FDDC200DF1B42 /* DataModel.xcdatamodel */,
			);
			currentVersion = 3BAE4BC9207FDDC200DF1B42 /* DataModel.xcdatamodel */;
			path = DataModel.xcdatamodeld;
			sourceTree = "<group>";
			versionGroupType = wrapper.xcdatamodel;
		};
/* End XCVersionGroup section */
	};
	rootObject = B33E899A1ED67A3B00E5A503 /* Project object */;
}
